
Microsoft Visual Studio Solution File, Format Version 12.00
# Visual Studio Version 17
VisualStudioVersion = 17.5.002.0
MinimumVisualStudioVersion = 10.0.40219.1
Project("{9A19103F-16F7-4668-BE54-9A1E7A4F7556}") = "psbb", "psbb.csproj", "{AFF1780D-6B9B-4AF5-AF4D-3B69B3709CF3}"
EndProject
Global
	GlobalSection(SolutionConfigurationPlatforms) = preSolution
		Debug|Any CPU = Debug|Any CPU
		Release|Any CPU = Release|Any CPU
	EndGlobalSection
	GlobalSection(ProjectConfigurationPlatforms) = postSolution
		{AFF1780D-6B9B-4AF5-AF4D-3B69B3709CF3}.Debug|Any CPU.ActiveCfg = Debug|Any CPU
		{AFF1780D-6B9B-4AF5-AF4D-3B69B3709CF3}.Debug|Any CPU.Build.0 = Debug|Any CPU
		{AFF1780D-6B9B-4AF5-AF4D-3B69B3709CF3}.Release|Any CPU.ActiveCfg = Release|Any CPU
		{AFF1780D-6B9B-4AF5-AF4D-3B69B3709CF3}.Release|Any CPU.Build.0 = Release|Any CPU
	EndGlobalSection
	GlobalSection(SolutionProperties) = preSolution
		HideSolutionNode = FALSE
	EndGlobalSection
	GlobalSection(ExtensibilityGlobals) = postSolution
		SolutionGuid = {18848ADC-FC26-4442-8C4F-191277FA1FEE}
	EndGlobalSection
EndGlobal
